
Microsoft Visual Studio Solution File, Format Version 12.00
# Visual Studio 15
VisualStudioVersion = 15.0.26730.12
MinimumVisualStudioVersion = 10.0.40219.1
Project("{FAE04EC0-301F-11D3-BF4B-00C04F79EFBC}") = "WindowsFormsApp1", "WindowsFormsApp1.csproj", "{4686EFA7-44D2-4407-AC29-53E5FA49BBB0}"
EndProject
Global
	GlobalSection(SolutionConfigurationPlatforms) = preSolution
		Debug|Any CPU = Debug|Any CPU
		Release|Any CPU = Release|Any CPU
	EndGlobalSection
	GlobalSection(ProjectConfigurationPlatforms) = postSolution
		{4686EFA7-44D2-4407-AC29-53E5FA49BBB0}.Debug|Any CPU.ActiveCfg = Debug|Any CPU
		{4686EFA7-44D2-4407-AC29-53E5FA49BBB0}.Debug|Any CPU.Build.0 = Debug|Any CPU
		{4686EFA7-44D2-4407-AC29-53E5FA49BBB0}.Release|Any CPU.ActiveCfg = Release|Any CPU
		{4686EFA7-44D2-4407-AC29-53E5FA49BBB0}.Release|Any CPU.Build.0 = Release|Any CPU
	EndGlobalSection
	GlobalSection(SolutionProperties) = preSolution
		HideSolutionNode = FALSE
	EndGlobalSection
	GlobalSection(ExtensibilityGlobals) = postSolution
		SolutionGuid = {DE23BB0F-FFC5-430F-8DA6-A1E9106FCD1C}
	EndGlobalSection
EndGlobal
